Microsoft Visual Studio Solution File, Format Version 12.00
# Visual Studio Version 17
VisualStudioVersion = 17.5.2.0
MinimumVisualStudioVersion = 10.0.40219.1
Project("{FAE04EC0-301F-11D3-BF4B-00C04F79EFBC}") = "StaffManagementApi", "StaffManagementApi.csproj", "{A796493C-43CF-F59D-5EE1-73FD64A7EE15}"
EndProject
Global
	GlobalSection(SolutionConfigurationPlatforms) = preSolution
		Debug|Any CPU = Debug|Any CPU
		Release|Any CPU = Release|Any CPU
	EndGlobalSection
	GlobalSection(ProjectConfigurationPlatforms) = postSolution
		{A796493C-43CF-F59D-5EE1-73FD64A7EE15}.Debug|Any CPU.ActiveCfg = Debug|Any CPU
		{A796493C-43CF-F59D-5EE1-73FD64A7EE15}.Debug|Any CPU.Build.0 = Debug|Any CPU
		{A796493C-43CF-F59D-5EE1-73FD64A7EE15}.Release|Any CPU.ActiveCfg = Release|Any CPU
		{A796493C-43CF-F59D-5EE1-73FD64A7EE15}.Release|Any CPU.Build.0 = Release|Any CPU
	EndGlobalSection
	GlobalSection(SolutionProperties) = preSolution
		HideSolutionNode = FALSE
	EndGlobalSection
	GlobalSection(ExtensibilityGlobals) = postSolution
		SolutionGuid = {004FD3D6-CA8B-4FFC-9CC8-74FB7CC547C6}
	EndGlobalSection
EndGlobal
